// !$*UTF8*$!
{
	archiveVersion = 1;
	classes = {
	};
	objectVersion = 50;
	objects = {

/* Begin PBXBuildFile section */
		96119CF420F8683300D20280 /* AppDelegate.swift in Sources */ = {isa = PBXBuildFile; fileRef = 96119CF320F8683300D20280 /* AppDelegate.swift */; };
		96119CF620F8683300D20280 /* ViewController.swift in Sources */ = {isa = PBXBuildFile; fileRef = 96119CF520F8683300D20280 /* ViewController.swift */; };
		96119CF920F8683300D20280 /* Main.storyboard in Resources */ = {isa = PBXBuildFile; fileRef = 96119CF720F8683300D20280 /* Main.storyboard */; };
		96119CFB20F8683700D20280 /* Assets.xcassets in Resources */ = {isa = PBXBuildFile; fileRef = 96119CFA20F8683700D20280 /* Assets.xcassets */; };
		96119CFE20F8683700D20280 /* LaunchScreen.storyboard in Resources */ = {isa = PBXBuildFile; fileRef = 96119CFC20F8683700D20280 /* LaunchScreen.storyboard */; };
		96119D0620F8684700D20280 /* DiaryModel.swift in Sources */ = {isa = PBXBuildFile; fileRef = 96119D0520F8684700D20280 /* DiaryModel.swift */; };
		96119D0820F86B5E00D20280 /* DiaryDataViewController.swift in Sources */ = {isa = PBXBuildFile; fileRef = 96119D0720F86B5E00D20280 /* DiaryDataViewController.swift */; };
		96FE9CFC20F93CA80078B7EF /* DiaryTableViewCell.swift in Sources */ = {isa = PBXBuildFile; fileRef = 96FE9CFB20F93CA80078B7EF /* DiaryTableViewCell.swift */; };
/* End PBXBuildFile section */

/* Begin PBXFileReference section */
		96119CF020F8683300D20280 /* DiaryApplication.app */ = {isa = PBXFileReference; explicitFileType = wrapper.application; includeInIndex = 0; path = DiaryApplication.app; sourceTree = BUILT_PRODUCTS_DIR; };
		96119CF320F8683300D20280 /* AppDelegate.swift */ = {isa = PBXFileReference; lastKnownFileType = sourcecode.swift; path = AppDelegate.swift; sourceTree = "<group>"; };
		96119CF520F8683300D20280 /* ViewController.swift */ = {isa = PBXFileReference; indentWidth = 2; lastKnownFileType = sourcecode.swift; path = ViewController.swift; sourceTree = "<group>"; };
		96119CF820F8683300D20280 /* Base */ = {isa = PBXFileReference; lastKnownFileType = file.storyboard; name = Base; path = Base.lproj/Main.storyboard; sourceTree = "<group>"; };
		96119CFA20F8683700D20280 /* Assets.xcassets */ = {isa = PBXFileReference; lastKnownFileType = folder.assetcatalog; path = Assets.xcassets; sourceTree = "<group>"; };
		96119CFD20F8683700D20280 /* Base */ = {isa = PBXFileReference; lastKnownFileType = file.storyboard; name = Base; path = Base.lproj/LaunchScreen.storyboard; sourceTree = "<group>"; };
		96119CFF20F8683700D20280 /* Info.plist */ = {isa = PBXFileReference; lastKnownFileType = text.plist.xml; path = Info.plist; sourceTree = "<group>"; };
		96119D0520F8684700D20280 /* DiaryModel.swift */ = {isa = PBXFileReference; lastKnownFileType = sourcecode.swift; path = DiaryModel.swift; sourceTree = "<group>"; };
		96119D0720F86B5E00D20280 /* DiaryDataViewController.swift */ = {isa = PBXFileReference; lastKnownFileType = sourcecode.swift; path = DiaryDataViewController.swift; sourceTree = "<group>"; };
		96FE9CFB20F93CA80078B7EF /* DiaryTableViewCell.swift */ = {isa = PBXFileReference; lastKnownFileType = sourcecode.swift; path = DiaryTableViewCell.swift; sourceTree = "<group>"; };
/* End PBXFileReference section */

/* Begin PBXFrameworksBuildPhase section */
		96119CED20F8683300D20280 /* Frameworks */ = {
			isa = PBXFrameworksBuildPhase;
			buildActionMask = 2147483647;
			files = (
			);
			runOnlyForDeploymentPostprocessing = 0;
		};
/* End PBXFrameworksBuildPhase section */

/* Begin PBXGroup section */
		96119CE720F8683300D20280 = {
			isa = PBXGroup;
			children = (
				96119CF220F8683300D20280 /* DiaryApplication */,
				96119CF120F8683300D20280 /* Products */,
			);
			sourceTree = "<group>";
		};
		96119CF120F8683300D20280 /* Products */ = {
			isa = PBXGroup;
			children = (
				96119CF020F8683300D20280 /* DiaryApplication.app */,
			);
			name = Products;
			sourceTree = "<group>";
		};
		96119CF220F8683300D20280 /* DiaryApplication */ = {
			isa = PBXGroup;
			children = (
				96119CF320F8683300D20280 /* AppDelegate.swift */,
				96119D0520F8684700D20280 /* DiaryModel.swift */,
				96119CF520F8683300D20280 /* ViewController.swift */,
				96119D0720F86B5E00D20280 /* DiaryDataViewController.swift */,
				96119CF720F8683300D20280 /* Main.storyboard */,
				96119CFA20F8683700D20280 /* Assets.xcassets */,
				96119CFC20F8683700D20280 /* LaunchScreen.storyboard */,
				96119CFF20F8683700D20280 /* Info.plist */,
				96FE9CFB20F93CA80078B7EF /* DiaryTableViewCell.swift */,
			);
			path = DiaryApplication;
			sourceTree = "<group>";
		};
/* End PBXGroup section */

/* Begin PBXNativeTarget section */
		96119CEF20F8683300D20280 /* DiaryApplication */ = {
			isa = PBXNativeTarget;
			buildConfigurationList = 96119D0220F8683700D20280 /* Build configuration list for PBXNativeTarget "DiaryApplication" */;
			buildPhases = (
				96119CEC20F8683300D20280 /* Sources */,
				96119CED20F8683300D20280 /* Frameworks */,
				96119CEE20F8683300D20280 /* Resources */,
			);
			buildRules = (
			);
			dependencies = (
			);
			name = DiaryApplication;
			productName = DiaryApplication;
			productReference = 96119CF020F8683300D20280 /* DiaryApplication.app */;
			productType = "com.apple.product-type.application";
		};
/* End PBXNativeTarget section */

/* Begin PBXProject section */
		96119CE820F8683300D20280 /* Project object */ = {
			isa = PBXProject;
			attributes = {
				LastSwiftUpdateCheck = 0940;
				LastUpgradeCheck = 0940;
				ORGANIZATIONNAME = "Yash Singh";
				TargetAttributes = {
					96119CEF20F8683300D20280 = {
						CreatedOnToolsVersion = 9.4.1;
					};
				};
			};
			buildConfigurationList = 96119CEB20F8683300D20280 /* Build configuration list for PBXProject "DiaryApplication" */;
			compatibilityVersion = "Xcode 9.3";
			developmentRegion = en;
			hasScannedForEncodings = 0;
			knownRegions = (
				en,
				Base,
			);
			mainGroup = 96119CE720F8683300D20280;
			productRefGroup = 96119CF120F8683300D20280 /* Products */;
			projectDirPath = "";
			projectRoot = "";
			targets = (
				96119CEF20F8683300D20280 /* DiaryApplication */,
			);
		};
/* End PBXProject section */

/* Begin PBXResourcesBuildPhase section */
		96119CEE20F8683300D20280 /* Resources */ = {
			isa = PBXResourcesBuildPhase;
			buildActionMask = 2147483647;
			files = (
				96119CFE20F8683700D20280 /* LaunchScreen.storyboard in Resources */,
				96119CFB20F8683700D20280 /* Assets.xcassets in Resources */,
				96119CF920F8683300D20280 /* Main.storyboard in Resources */,
			);
			runOnlyForDeploymentPostprocessing = 0;
		};
/* End PBXResourcesBuildPhase section */

/* Begin PBXSourcesBuildPhase section */
		96119CEC20F8683300D20280 /* Sources */ = {
			isa = PBXSourcesBuildPhase;
			buildActionMask = 2147483647;
			files = (
				96119CF620F8683300D20280 /* ViewController.swift in Sources */,
				96FE9CFC20F93CA80078B7EF /* DiaryTableViewCell.swift in Sources */,
				96119D0620F8684700D20280 /* DiaryModel.swift in Sources */,
				96119D0820F86B5E00D20280 /* DiaryDataViewController.swift in Sources */,
				96119CF420F8683300D20280 /* AppDelegate.swift in Sources */,
			);
			runOnlyForDeploymentPostprocessing = 0;
		};
/* End PBXSourcesBuildPhase section */

/* Begin PBXVariantGroup section */
		96119CF720F8683300D20280 /* Main.storyboard */ = {
			isa = PBXVariantGroup;
			children = (
				96119CF820F8683300D20280 /* Base */,
			);
			name = Main.storyboard;
			sourceTree = "<group>";
		};
		96119CFC20F8683700D20280 /* LaunchScreen.storyboard */ = {
			isa = PBXVariantGroup;
			children = (
				96119CFD20F8683700D20280 /* Base */,
			);
			name = LaunchScreen.storyboard;
			sourceTree = "<group>";
		};
/* End PBXVariantGroup section */

/* Begin XCBuildConfiguration section */
		96119D0020F8683700D20280 /* Debug */ = {
			isa = XCBuildConfiguration;
			buildSettings = {
				ALWAYS_SEARCH_USER_PATHS = NO;
				CLANG_ANALYZER_NONNULL = YES;
				CLANG_ANALYZER_NUMBER_OBJECT_CONVERSION = YES_AGGRESSIVE;
				CLANG_CXX_LANGUAGE_STANDARD = "gnu++14";
				CLANG_CXX_LIBRARY = "libc++";
				CLANG_ENABLE_MODULES = YES;
				CLANG_ENABLE_OBJC_ARC = YES;
				CLANG_ENABLE_OBJC_WEAK = YES;
				CLANG_WARN_BLOCK_CAPTURE_AUTORELEASING = YES;
				CLANG_WARN_BOOL_CONVERSION = YES;
				CLANG_WARN_COMMA = YES;
				CLANG_WARN_CONSTANT_CONVERSION = YES;
				CLANG_WARN_DEPRECATED_OBJC_IMPLEMENTATIONS = YES;
				CLANG_WARN_DIRECT_OBJC_ISA_USAGE = YES_ERROR;
				CLANG_WARN_DOCUMENTATION_COMMENTS = YES;
				CLANG_WARN_EMPTY_BODY = YES;
				CLANG_WARN_ENUM_CONVERSION = YES;
				CLANG_WARN_INFINITE_RECURSION = YES;
				CLANG_WARN_INT_CONVERSION = YES;
				CLANG_WARN_NON_LITERAL_NULL_CONVERSION = YES;
				CLANG_WARN_OBJC_IMPLICIT_RETAIN_SELF = YES;
				CLANG_WARN_OBJC_LITERAL_CONVERSION = YES;
				CLANG_WARN_OBJC_ROOT_CLASS = YES_ERROR;
				CLANG_WARN_RANGE_LOOP_ANALYSIS = YES;
				CLANG_WARN_STRICT_PROTOTYPES = YES;
				CLANG_WARN_SUSPICIOUS_MOVE = YES;
				CLANG_WARN_UNGUARDED_AVAILABILITY = YES_AGGRESSIVE;
				CLANG_WARN_UNREACHABLE_CODE = YES;
				CLANG_WARN__DUPLICATE_METHOD_MATCH = YES;
				CODE_SIGN_IDENTITY = "iPhone Developer";
				COPY_PHASE_STRIP = NO;
				DEBUG_INFORMATION_FORMAT = dwarf;
				ENABLE_STRICT_OBJC_MSGSEND = YES;
				ENABLE_TESTABILITY = YES;
				GCC_C_LANGUAGE_STANDARD = gnu11;
				GCC_DYNAMIC_NO_PIC = NO;
				GCC_NO_COMMON_BLOCKS = YES;
				GCC_OPTIMIZATION_LEVEL = 0;
				GCC_PREPROCESSOR_DEFINITIONS = (
					"DEBUG=1",
					"$(inherited)",
				);
				GCC_WARN_64_TO_32_BIT_CONVERSION = YES;
				GCC_WARN_ABOUT_RETURN_TYPE = YES_ERROR;
				GCC_WARN_UNDECLARED_SELECTOR = YES;
				GCC_WARN_UNINITIALIZED_AUTOS = YES_AGGRESSIVE;
				GCC_WARN_UNUSED_FUNCTION = YES;
				GCC_WARN_UNUSED_VARIABLE = YES;
				IPHONEOS_DEPLOYMENT_TARGET = 11.4;
				MTL_ENABLE_DEBUG_INFO = YES;
				ONLY_ACTIVE_ARCH = YES;
				SDKROOT = iphoneos;
				SWIFT_ACTIVE_COMPILATION_CONDITIONS = DEBUG;
				SWIFT_OPTIMIZATION_LEVEL = "-Onone";
			};
			name = Debug;
		};
		96119D0120F8683700D20280 /* Release */ = {
			isa = XCBuildConfiguration;
			buildSettings = {
				ALWAYS_SEARCH_USER_PATHS = NO;
				CLANG_ANALYZER_NONNULL = YES;
				CLANG_ANALYZER_NUMBER_OBJECT_CONVERSION = YES_AGGRESSIVE;
				CLANG_CXX_LANGUAGE_STANDARD = "gnu++14";
				CLANG_CXX_LIBRARY = "libc++";
				CLANG_ENABLE_MODULES = YES;
				CLANG_ENABLE_OBJC_ARC = YES;
				CLANG_ENABLE_OBJC_WEAK = YES;
				CLANG_WARN_BLOCK_CAPTURE_AUTORELEASING = YES;
				CLANG_WARN_BOOL_CONVERSION = YES;
				CLANG_WARN_COMMA = YES;
				CLANG_WARN_CONSTANT_CONVERSION = YES;
				CLANG_WARN_DEPRECATED_OBJC_IMPLEMENTATIONS = YES;
				CLANG_WARN_DIRECT_OBJC_ISA_USAGE = YES_ERROR;
				CLANG_WARN_DOCUMENTATION_COMMENTS = YES;
				CLANG_WARN_EMPTY_BODY = YES;
				CLANG_WARN_ENUM_CONVERSION = YES;
				CLANG_WARN_INFINITE_RECURSION = YES;
				CLANG_WARN_INT_CONVERSION = YES;
				CLANG_WARN_NON_LITERAL_NULL_CONVERSION = YES;
				CLANG_WARN_OBJC_IMPLICIT_RETAIN_SELF = YES;
				CLANG_WARN_OBJC_LITERAL_CONVERSION = YES;
				CLANG_WARN_OBJC_ROOT_CLASS = YES_ERROR;
				CLANG_WARN_RANGE_LOOP_ANALYSIS = YES;
				CLANG_WARN_STRICT_PROTOTYPES = YES;
				CLANG_WARN_SUSPICIOUS_MOVE = YES;
				CLANG_WARN_UNGUARDED_AVAILABILITY = YES_AGGRESSIVE;
				CLANG_WARN_UNREACHABLE_CODE = YES;
				CLANG_WARN__DUPLICATE_METHOD_MATCH = YES;
				CODE_SIGN_IDENTITY = "iPhone Developer";
				COPY_PHASE_STRIP = NO;
				DEBUG_INFORMATION_FORMAT = "dwarf-with-dsym";
				ENABLE_NS_ASSERTIONS = NO;
				ENABLE_STRICT_OBJC_MSGSEND = YES;
				GCC_C_LANGUAGE_STANDARD = gnu11;
				GCC_NO_COMMON_BLOCKS = YES;
				GCC_WARN_64_TO_32_BIT_CONVERSION = YES;
				GCC_WARN_ABOUT_RETURN_TYPE = YES_ERROR;
				GCC_WARN_UNDECLARED_SELECTOR = YES;
				GCC_WARN_UNINITIALIZED_AUTOS = YES_AGGRESSIVE;
				GCC_WARN_UNUSED_FUNCTION = YES;
				GCC_WARN_UNUSED_VARIABLE = YES;
				IPHONEOS_DEPLOYMENT_TARGET = 11.4;
				MTL_ENABLE_DEBUG_INFO = NO;
				SDKROOT = iphoneos;
				SWIFT_COMPILATION_MODE = wholemodule;
				SWIFT_OPTIMIZATION_LEVEL = "-O";
				VALIDATE_PRODUCT = YES;
			};
			name = Release;
		};
		96119D0320F8683700D20280 /* Debug */ = {
			isa = XCBuildConfiguration;
			buildSettings = {
				ASSETCATALOG_COMPILER_APPICON_NAME = AppIcon;
				CODE_SIGN_STYLE = Automatic;
				INFOPLIST_FILE = DiaryApplication/Info.plist;
				LD_RUNPATH_SEARCH_PATHS = (
					"$(inherited)",
					"@executable_path/Frameworks",
				);
				PRODUCT_BUNDLE_IDENTIFIER = "Yash-Singh.DiaryApplication";
				PRODUCT_NAME = "$(TARGET_NAME)";
				SWIFT_VERSION = 4.0;
				TARGETED_DEVICE_FAMILY = "1,2";
			};
			name = Debug;
		};
		96119D0420F8683700D20280 /* Release */ = {
			isa = XCBuildConfiguration;
			buildSettings = {
				ASSETCATALOG_COMPILER_APPICON_NAME = AppIcon;
				CODE_SIGN_STYLE = Automatic;
				INFOPLIST_FILE = DiaryApplication/Info.plist;
				LD_RUNPATH_SEARCH_PATHS = (
					"$(inherited)",
					"@executable_path/Frameworks",
				);
				PRODUCT_BUNDLE_IDENTIFIER = "Yash-Singh.DiaryApplication";
				PRODUCT_NAME = "$(TARGET_NAME)";
				SWIFT_VERSION = 4.0;
				TARGETED_DEVICE_FAMILY = "1,2";
			};
			name = Release;
		};
/* End XCBuildConfiguration section */

/* Begin XCConfigurationList section */
		96119CEB20F8683300D20280 /* Build configuration list for PBXProject "DiaryApplication" */ = {
			isa = XCConfigurationList;
			buildConfigurations = (
				96119D0020F8683700D20280 /* Debug */,
				96119D0120F8683700D20280 /* Release */,
			);
			defaultConfigurationIsVisible = 0;
			defaultConfigurationName = Release;
		};
		96119D0220F8683700D20280 /* Build configuration list for PBXNativeTarget "DiaryApplication" */ = {
			isa = XCConfigurationList;
			buildConfigurations = (
				96119D0320F8683700D20280 /* Debug */,
				96119D0420F8683700D20280 /* Release */,
			);
			defaultConfigurationIsVisible = 0;
			defaultConfigurationName = Release;
		};
/* End XCConfigurationList section */
	};
	rootObject = 96119CE820F8683300D20280 /* Project object */;
}
