// !$*UTF8*$!
{
	archiveVersion = 1;
	classes = {
	};
	objectVersion = 47;
	objects = {

/* Begin PBXBuildFile section */
		96FFEF5F20F3B47300D9F2D0 /* AppDelegate.swift in Sources */ = {isa = PBXBuildFile; fileRef = 96FFEF5E20F3B47300D9F2D0 /* AppDelegate.swift */; };
		96FFEF6120F3B47300D9F2D0 /* ViewController.swift in Sources */ = {isa = PBXBuildFile; fileRef = 96FFEF6020F3B47300D9F2D0 /* ViewController.swift */; };
		96FFEF6420F3B47300D9F2D0 /* Main.storyboard in Resources */ = {isa = PBXBuildFile; fileRef = 96FFEF6220F3B47300D9F2D0 /* Main.storyboard */; };
		96FFEF6620F3B47400D9F2D0 /* Assets.xcassets in Resources */ = {isa = PBXBuildFile; fileRef = 96FFEF6520F3B47400D9F2D0 /* Assets.xcassets */; };
		96FFEF6920F3B47400D9F2D0 /* LaunchScreen.storyboard in Resources */ = {isa = PBXBuildFile; fileRef = 96FFEF6720F3B47400D9F2D0 /* LaunchScreen.storyboard */; };
/* End PBXBuildFile section */

/* Begin PBXFileReference section */
		96FFEF5B20F3B47300D9F2D0 /* Q6_PhotoGallerySimulator.app */ = {isa = PBXFileReference; explicitFileType = wrapper.application; includeInIndex = 0; path = Q6_PhotoGallerySimulator.app; sourceTree = BUILT_PRODUCTS_DIR; };
		96FFEF5E20F3B47300D9F2D0 /* AppDelegate.swift */ = {isa = PBXFileReference; lastKnownFileType = sourcecode.swift; path = AppDelegate.swift; sourceTree = "<group>"; };
		96FFEF6020F3B47300D9F2D0 /* ViewController.swift */ = {isa = PBXFileReference; lastKnownFileType = sourcecode.swift; path = ViewController.swift; sourceTree = "<group>"; };
		96FFEF6320F3B47300D9F2D0 /* Base */ = {isa = PBXFileReference; lastKnownFileType = file.storyboard; name = Base; path = Base.lproj/Main.storyboard; sourceTree = "<group>"; };
		96FFEF6520F3B47400D9F2D0 /* Assets.xcassets */ = {isa = PBXFileReference; lastKnownFileType = folder.assetcatalog; path = Assets.xcassets; sourceTree = "<group>"; };
		96FFEF6820F3B47400D9F2D0 /* Base */ = {isa = PBXFileReference; lastKnownFileType = file.storyboard; name = Base; path = Base.lproj/LaunchScreen.storyboard; sourceTree = "<group>"; };
		96FFEF6A20F3B47400D9F2D0 /* Info.plist */ = {isa = PBXFileReference; lastKnownFileType = text.plist.xml; path = Info.plist; sourceTree = "<group>"; };
/* End PBXFileReference section */

/* Begin PBXFrameworksBuildPhase section */
		96FFEF5820F3B47300D9F2D0 /* Frameworks */ = {
			isa = PBXFrameworksBuildPhase;
			buildActionMask = 2147483647;
			files = (
			);
			runOnlyForDeploymentPostprocessing = 0;
		};
/* End PBXFrameworksBuildPhase section */

/* Begin PBXGroup section */
		96FFEF5220F3B47300D9F2D0 = {
			isa = PBXGroup;
			children = (
				96FFEF5D20F3B47300D9F2D0 /* Q6_PhotoGallerySimulator */,
				96FFEF5C20F3B47300D9F2D0 /* Products */,
			);
			sourceTree = "<group>";
		};
		96FFEF5C20F3B47300D9F2D0 /* Products */ = {
			isa = PBXGroup;
			children = (
				96FFEF5B20F3B47300D9F2D0 /* Q6_PhotoGallerySimulator.app */,
			);
			name = Products;
			sourceTree = "<group>";
		};
		96FFEF5D20F3B47300D9F2D0 /* Q6_PhotoGallerySimulator */ = {
			isa = PBXGroup;
			children = (
				96FFEF5E20F3B47300D9F2D0 /* AppDelegate.swift */,
				96FFEF6020F3B47300D9F2D0 /* ViewController.swift */,
				96FFEF6220F3B47300D9F2D0 /* Main.storyboard */,
				96FFEF6520F3B47400D9F2D0 /* Assets.xcassets */,
				96FFEF6720F3B47400D9F2D0 /* LaunchScreen.storyboard */,
				96FFEF6A20F3B47400D9F2D0 /* Info.plist */,
			);
			path = Q6_PhotoGallerySimulator;
			sourceTree = "<group>";
		};
/* End PBXGroup section */

/* Begin PBXNativeTarget section */
		96FFEF5A20F3B47300D9F2D0 /* Q6_PhotoGallerySimulator */ = {
			isa = PBXNativeTarget;
			buildConfigurationList = 96FFEF6D20F3B47400D9F2D0 /* Build configuration list for PBXNativeTarget "Q6_PhotoGallerySimulator" */;
			buildPhases = (
				96FFEF5720F3B47300D9F2D0 /* Sources */,
				96FFEF5820F3B47300D9F2D0 /* Frameworks */,
				96FFEF5920F3B47300D9F2D0 /* Resources */,
			);
			buildRules = (
			);
			dependencies = (
			);
			name = Q6_PhotoGallerySimulator;
			productName = Q6_PhotoGallerySimulator;
			productReference = 96FFEF5B20F3B47300D9F2D0 /* Q6_PhotoGallerySimulator.app */;
			productType = "com.apple.product-type.application";
		};
/* End PBXNativeTarget section */

/* Begin PBXProject section */
		96FFEF5320F3B47300D9F2D0 /* Project object */ = {
			isa = PBXProject;
			attributes = {
				LastSwiftUpdateCheck = 0940;
				LastUpgradeCheck = 0940;
				ORGANIZATIONNAME = "Yash Singh";
				TargetAttributes = {
					96FFEF5A20F3B47300D9F2D0 = {
						CreatedOnToolsVersion = 9.4.1;
						ProvisioningStyle = Automatic;
					};
				};
			};
			buildConfigurationList = 96FFEF5620F3B47300D9F2D0 /* Build configuration list for PBXProject "Q6_PhotoGallerySimulator" */;
			compatibilityVersion = "Xcode 6.3";
			developmentRegion = en;
			hasScannedForEncodings = 0;
			knownRegions = (
				en,
				Base,
			);
			mainGroup = 96FFEF5220F3B47300D9F2D0;
			productRefGroup = 96FFEF5C20F3B47300D9F2D0 /* Products */;
			projectDirPath = "";
			projectRoot = "";
			targets = (
				96FFEF5A20F3B47300D9F2D0 /* Q6_PhotoGallerySimulator */,
			);
		};
/* End PBXProject section */

/* Begin PBXResourcesBuildPhase section */
		96FFEF5920F3B47300D9F2D0 /* Resources */ = {
			isa = PBXResourcesBuildPhase;
			buildActionMask = 2147483647;
			files = (
				96FFEF6920F3B47400D9F2D0 /* LaunchScreen.storyboard in Resources */,
				96FFEF6620F3B47400D9F2D0 /* Assets.xcassets in Resources */,
				96FFEF6420F3B47300D9F2D0 /* Main.storyboard in Resources */,
			);
			runOnlyForDeploymentPostprocessing = 0;
		};
/* End PBXResourcesBuildPhase section */

/* Begin PBXSourcesBuildPhase section */
		96FFEF5720F3B47300D9F2D0 /* Sources */ = {
			isa = PBXSourcesBuildPhase;
			buildActionMask = 2147483647;
			files = (
				96FFEF6120F3B47300D9F2D0 /* ViewController.swift in Sources */,
				96FFEF5F20F3B47300D9F2D0 /* AppDelegate.swift in Sources */,
			);
			runOnlyForDeploymentPostprocessing = 0;
		};
/* End PBXSourcesBuildPhase section */

/* Begin PBXVariantGroup section */
		96FFEF6220F3B47300D9F2D0 /* Main.storyboard */ = {
			isa = PBXVariantGroup;
			children = (
				96FFEF6320F3B47300D9F2D0 /* Base */,
			);
			name = Main.storyboard;
			sourceTree = "<group>";
		};
		96FFEF6720F3B47400D9F2D0 /* LaunchScreen.storyboard */ = {
			isa = PBXVariantGroup;
			children = (
				96FFEF6820F3B47400D9F2D0 /* Base */,
			);
			name = LaunchScreen.storyboard;
			sourceTree = "<group>";
		};
/* End PBXVariantGroup section */

/* Begin XCBuildConfiguration section */
		96FFEF6B20F3B47400D9F2D0 /* Debug */ = {
			isa = XCBuildConfiguration;
			buildSettings = {
				ALWAYS_SEARCH_USER_PATHS = NO;
				CLANG_ANALYZER_NONNULL = YES;
				CLANG_ANALYZER_NUMBER_OBJECT_CONVERSION = YES_AGGRESSIVE;
				CLANG_CXX_LANGUAGE_STANDARD = "gnu++14";
				CLANG_CXX_LIBRARY = "libc++";
				CLANG_ENABLE_MODULES = YES;
				CLANG_ENABLE_OBJC_ARC = YES;
				CLANG_ENABLE_OBJC_WEAK = YES;
				CLANG_WARN_BLOCK_CAPTURE_AUTORELEASING = YES;
				CLANG_WARN_BOOL_CONVERSION = YES;
				CLANG_WARN_COMMA = YES;
				CLANG_WARN_CONSTANT_CONVERSION = YES;
				CLANG_WARN_DEPRECATED_OBJC_IMPLEMENTATIONS = YES;
				CLANG_WARN_DIRECT_OBJC_ISA_USAGE = YES_ERROR;
				CLANG_WARN_DOCUMENTATION_COMMENTS = YES;
				CLANG_WARN_EMPTY_BODY = YES;
				CLANG_WARN_ENUM_CONVERSION = YES;
				CLANG_WARN_INFINITE_RECURSION = YES;
				CLANG_WARN_INT_CONVERSION = YES;
				CLANG_WARN_NON_LITERAL_NULL_CONVERSION = YES;
				CLANG_WARN_OBJC_IMPLICIT_RETAIN_SELF = YES;
				CLANG_WARN_OBJC_LITERAL_CONVERSION = YES;
				CLANG_WARN_OBJC_ROOT_CLASS = YES_ERROR;
				CLANG_WARN_RANGE_LOOP_ANALYSIS = YES;
				CLANG_WARN_STRICT_PROTOTYPES = YES;
				CLANG_WARN_SUSPICIOUS_MOVE = YES;
				CLANG_WARN_UNGUARDED_AVAILABILITY = YES_AGGRESSIVE;
				CLANG_WARN_UNREACHABLE_CODE = YES;
				CLANG_WARN__DUPLICATE_METHOD_MATCH = YES;
				CODE_SIGN_IDENTITY = "iPhone Developer";
				COPY_PHASE_STRIP = NO;
				DEBUG_INFORMATION_FORMAT = dwarf;
				ENABLE_STRICT_OBJC_MSGSEND = YES;
				ENABLE_TESTABILITY = YES;
				GCC_C_LANGUAGE_STANDARD = gnu11;
				GCC_DYNAMIC_NO_PIC = NO;
				GCC_NO_COMMON_BLOCKS = YES;
				GCC_OPTIMIZATION_LEVEL = 0;
				GCC_PREPROCESSOR_DEFINITIONS = (
					"DEBUG=1",
					"$(inherited)",
				);
				GCC_WARN_64_TO_32_BIT_CONVERSION = YES;
				GCC_WARN_ABOUT_RETURN_TYPE = YES_ERROR;
				GCC_WARN_UNDECLARED_SELECTOR = YES;
				GCC_WARN_UNINITIALIZED_AUTOS = YES_AGGRESSIVE;
				GCC_WARN_UNUSED_FUNCTION = YES;
				GCC_WARN_UNUSED_VARIABLE = YES;
				IPHONEOS_DEPLOYMENT_TARGET = 11.4;
				MTL_ENABLE_DEBUG_INFO = YES;
				ONLY_ACTIVE_ARCH = YES;
				SDKROOT = iphoneos;
				SWIFT_ACTIVE_COMPILATION_CONDITIONS = DEBUG;
				SWIFT_OPTIMIZATION_LEVEL = "-Onone";
			};
			name = Debug;
		};
		96FFEF6C20F3B47400D9F2D0 /* Release */ = {
			isa = XCBuildConfiguration;
			buildSettings = {
				ALWAYS_SEARCH_USER_PATHS = NO;
				CLANG_ANALYZER_NONNULL = YES;
				CLANG_ANALYZER_NUMBER_OBJECT_CONVERSION = YES_AGGRESSIVE;
				CLANG_CXX_LANGUAGE_STANDARD = "gnu++14";
				CLANG_CXX_LIBRARY = "libc++";
				CLANG_ENABLE_MODULES = YES;
				CLANG_ENABLE_OBJC_ARC = YES;
				CLANG_ENABLE_OBJC_WEAK = YES;
				CLANG_WARN_BLOCK_CAPTURE_AUTORELEASING = YES;
				CLANG_WARN_BOOL_CONVERSION = YES;
				CLANG_WARN_COMMA = YES;
				CLANG_WARN_CONSTANT_CONVERSION = YES;
				CLANG_WARN_DEPRECATED_OBJC_IMPLEMENTATIONS = YES;
				CLANG_WARN_DIRECT_OBJC_ISA_USAGE = YES_ERROR;
				CLANG_WARN_DOCUMENTATION_COMMENTS = YES;
				CLANG_WARN_EMPTY_BODY = YES;
				CLANG_WARN_ENUM_CONVERSION = YES;
				CLANG_WARN_INFINITE_RECURSION = YES;
				CLANG_WARN_INT_CONVERSION = YES;
				CLANG_WARN_NON_LITERAL_NULL_CONVERSION = YES;
				CLANG_WARN_OBJC_IMPLICIT_RETAIN_SELF = YES;
				CLANG_WARN_OBJC_LITERAL_CONVERSION = YES;
				CLANG_WARN_OBJC_ROOT_CLASS = YES_ERROR;
				CLANG_WARN_RANGE_LOOP_ANALYSIS = YES;
				CLANG_WARN_STRICT_PROTOTYPES = YES;
				CLANG_WARN_SUSPICIOUS_MOVE = YES;
				CLANG_WARN_UNGUARDED_AVAILABILITY = YES_AGGRESSIVE;
				CLANG_WARN_UNREACHABLE_CODE = YES;
				CLANG_WARN__DUPLICATE_METHOD_MATCH = YES;
				CODE_SIGN_IDENTITY = "iPhone Developer";
				COPY_PHASE_STRIP = NO;
				DEBUG_INFORMATION_FORMAT = "dwarf-with-dsym";
				ENABLE_NS_ASSERTIONS = NO;
				ENABLE_STRICT_OBJC_MSGSEND = YES;
				GCC_C_LANGUAGE_STANDARD = gnu11;
				GCC_NO_COMMON_BLOCKS = YES;
				GCC_WARN_64_TO_32_BIT_CONVERSION = YES;
				GCC_WARN_ABOUT_RETURN_TYPE = YES_ERROR;
				GCC_WARN_UNDECLARED_SELECTOR = YES;
				GCC_WARN_UNINITIALIZED_AUTOS = YES_AGGRESSIVE;
				GCC_WARN_UNUSED_FUNCTION = YES;
				GCC_WARN_UNUSED_VARIABLE = YES;
				IPHONEOS_DEPLOYMENT_TARGET = 11.4;
				MTL_ENABLE_DEBUG_INFO = NO;
				SDKROOT = iphoneos;
				SWIFT_OPTIMIZATION_LEVEL = "-Owholemodule";
				VALIDATE_PRODUCT = YES;
			};
			name = Release;
		};
		96FFEF6E20F3B47400D9F2D0 /* Debug */ = {
			isa = XCBuildConfiguration;
			buildSettings = {
				ASSETCATALOG_COMPILER_APPICON_NAME = AppIcon;
				CODE_SIGN_STYLE = Automatic;
				INFOPLIST_FILE = Q6_PhotoGallerySimulator/Info.plist;
				LD_RUNPATH_SEARCH_PATHS = "$(inherited) @executable_path/Frameworks";
				PRODUCT_BUNDLE_IDENTIFIER = "Yash-Singh.Q6-PhotoGallerySimulator";
				PRODUCT_NAME = "$(TARGET_NAME)";
				SWIFT_VERSION = 4.0;
				TARGETED_DEVICE_FAMILY = "1,2";
			};
			name = Debug;
		};
		96FFEF6F20F3B47400D9F2D0 /* Release */ = {
			isa = XCBuildConfiguration;
			buildSettings = {
				ASSETCATALOG_COMPILER_APPICON_NAME = AppIcon;
				CODE_SIGN_STYLE = Automatic;
				INFOPLIST_FILE = Q6_PhotoGallerySimulator/Info.plist;
				LD_RUNPATH_SEARCH_PATHS = "$(inherited) @executable_path/Frameworks";
				PRODUCT_BUNDLE_IDENTIFIER = "Yash-Singh.Q6-PhotoGallerySimulator";
				PRODUCT_NAME = "$(TARGET_NAME)";
				SWIFT_VERSION = 4.0;
				TARGETED_DEVICE_FAMILY = "1,2";
			};
			name = Release;
		};
/* End XCBuildConfiguration section */

/* Begin XCConfigurationList section */
		96FFEF5620F3B47300D9F2D0 /* Build configuration list for PBXProject "Q6_PhotoGallerySimulator" */ = {
			isa = XCConfigurationList;
			buildConfigurations = (
				96FFEF6B20F3B47400D9F2D0 /* Debug */,
				96FFEF6C20F3B47400D9F2D0 /* Release */,
			);
			defaultConfigurationIsVisible = 0;
			defaultConfigurationName = Release;
		};
		96FFEF6D20F3B47400D9F2D0 /* Build configuration list for PBXNativeTarget "Q6_PhotoGallerySimulator" */ = {
			isa = XCConfigurationList;
			buildConfigurations = (
				96FFEF6E20F3B47400D9F2D0 /* Debug */,
				96FFEF6F20F3B47400D9F2D0 /* Release */,
			);
			defaultConfigurationIsVisible = 0;
			defaultConfigurationName = Release;
		};
/* End XCConfigurationList section */
	};
	rootObject = 96FFEF5320F3B47300D9F2D0 /* Project object */;
}
